
Microsoft Visual Studio Solution File, Format Version 12.00
# Visual Studio 15
VisualStudioVersion = 15.0.28307.136
MinimumVisualStudioVersion = 10.0.40219.1
Project("{8BC9CEB8-8B4A-11D0-8D11-00A0C91BC942}") = "simlc", "simlc\simlc.vcxproj", "{B66B415C-378C-4F31-9FEC-5C927FB9C42F}"
EndProject
Global
	GlobalSection(SolutionConfigurationPlatforms) = preSolution
		Debug|x64 = Debug|x64
		Release|x64 = Release|x64
	EndGlobalSection
	GlobalSection(ProjectConfigurationPlatforms) = postSolution
		{B66B415C-378C-4F31-9FEC-5C927FB9C42F}.Debug|x64.ActiveCfg = Debug|x64
		{B66B415C-378C-4F31-9FEC-5C927FB9C42F}.Debug|x64.Build.0 = Debug|x64
		{B66B415C-378C-4F31-9FEC-5C927FB9C42F}.Release|x64.ActiveCfg = Release|x64
		{B66B415C-378C-4F31-9FEC-5C927FB9C42F}.Release|x64.Build.0 = Release|x64
	EndGlobalSection
	GlobalSection(SolutionProperties) = preSolution
		HideSolutionNode = FALSE
	EndGlobalSection
	GlobalSection(ExtensibilityGlobals) = postSolution
		SolutionGuid = {698F9EAC-E5FE-49A1-8C7D-5E4EF77E9A50}
	EndGlobalSection
EndGlobal
